version = 1
revision = 3
requires-python = "==3.11.*"

[[package]]
name = "annotated-types"
version = "0.8.0"
source = { registry = "https://pypi.org/simple" }
sdist = { url = "https://files.pythonhosted.org/packages/5f/56/a8120250d128bed162cd73c76d45f6ef9991f3e068f62a8ee060afa3104a/annotated_types-0.8.0.tar.gz", hash = "sha256:13b2beaad985e05e2d6407ee4c4f35590b11f8d693a258a561055cac8f64cab7", size = 15893, upload-time = "2026-07-23T20:16:13.995Z" }
wheels = [
    { url = "https://files.pythonhosted.org/packages/99/91/8acff4f5e50511b911bbccb72b8628a49c68ce14148cd9f6431094859a90/annotated_types-0.8.0-py3-none-any.whl", hash = "sha256:f072f4d804ea359e4eaf198b1af7a8b0943881a87f31bb764f8bf219bb9419e0", size = 13427, upload-time = "2026-07-23T20:16:12.938Z" },
]

[[package]]
name = "anyio"
version = "4.14.2"
source = { registry = "https://pypi.org/simple" }
dependencies = [
    { name = "idna" },
    { name = "typing-extensions" },
]
sdist = { url = "https://files.pythonhosted.org/packages/61/cc/a381afa6efea9f496eff839d4a6a1aed3bfafc7b3ab4b0d1b243a12573dd/anyio-4.14.2.tar.gz", hash = "sha256:cfa139f3ed1a23ee8f88a145ddb5ac7605b8bbfd8592baacd7ce3d8bb4313c7f", size = 260176, upload-time = "2026-07-12T20:29:07.082Z" }
wheels = [
    { url = "https://files.pythonhosted.org/packages/da/35/f2287558c17e29fafc8ef3daf819bb9834061cfa43bff8014f7df7f63bdc/anyio-4.14.2-py3-none-any.whl", hash = "sha256:9f505dda5ac9f0c8309b5e8bd445a8c2bf7246f3ce950121e45ea15bc41d1494", size = 125813, upload-time = "2026-07-12T20:29:05.763Z" },
]

[[package]]
name = "boto3"
version = "1.43.69"
source = { registry = "https://pypi.org/simple" }
dependencies = [
    { name = "botocore" },
    { name = "jmespath" },
    { name = "s3transfer" },
]
sdist = { url = "https://files.pythonhosted.org/packages/45/8f/315e908f5abaab5deb77196117f66c1badc9093b03dc152b0b8231b0112b/boto3-1.43.69.tar.gz", hash = "sha256:76297a0b415849c63575ae08a4f1661b2dc8ee0100f104b86f98aa69b47fa2c7", size = 112666, upload-time = "2026-08-11T19:24:26.281Z" }
wheels = [
    { url = "https://files.pythonhosted.org/packages/7a/57/67ebb743ab0556c14db656e91e49024f3e1b0585f1a15c2d025176fb3c1e/boto3-1.43.69-py3-none-any.whl", hash = "sha256:4eb494d05b2bd08a7eee61b8ac4c34745c99e9bbce435c91f8d15d372dd8c2db", size = 140024, upload-time = "2026-08-11T19:24:25.022Z" },
]

[[package]]
name = "botocore"
version = "1.43.69"
source = { registry = "https://pypi.org/simple" }
dependencies = [
    { name = "jmespath" },
    { name = "python-dateutil" },
    { name = "urllib3" },
]
sdist = { url = "https://files.pythonhosted.org/packages/84/da/726b23443ebc77078387fbf330ef7240bc6a96553e566e45a647cd8f714c/botocore-1.43.69.tar.gz", hash = "sha256:5caa46b740d9a886137146ffbb69edb691f702bfe74c64e85621947ae00181fd", size = 15911844, upload-time = "2026-08-11T19:24:20.778Z" }
wheels = [
    { url = "https://files.pythonhosted.org/packages/64/ef/a1effbe4ffabadc38ea9425c54601262eaac8cbb5b6089f8f76536d3c8b1/botocore-1.43.69-py3-none-any.whl", hash = "sha256:b1f0e01c53d6b84ee9c184ebf3636c3b3aef85e0ae8498c74afb8734ff224f87", size = 15596589, upload-time = "2026-08-11T19:24:18.283Z" },
]

[[package]]
name = "certifi"
version = "2026.7.22"
source = { registry = "https://pypi.org/simple" }
sdist = { url = "https://files.pythonhosted.org/packages/a3/c2/24167ea9858356b47a87a50d39908bfdb72ceeefe0041586e704e5376b3a/certifi-2026.7.22.tar.gz", hash = "sha256:741e2c3b351ddf169a738da9f2c048608ff7f2c5cc02f1ebc6b118bb090d5d55", size = 138112, upload-time = "2026-07-22T03:35:12.644Z" }
wheels = [
    { url = "https://files.pythonhosted.org/packages/0b/a7/71ac2cff56fec219ed242bb11b8efb69fcc4bec75db06fb7bfe35de520e6/certifi-2026.7.22-py3-none-any.whl", hash = "sha256:62f22742b58a1a33014a2b6b706588a8d7e2a88ae7bd1a6ebe8c992928483775", size = 136983, upload-time = "2026-07-22T03:35:11.276Z" },
]

[[package]]
name = "collector"
version = "0.1.0"
source = { virtual = "." }
dependencies = [
    { name = "boto3" },
    { name = "core" },
    { name = "httpx" },
    { name = "pyarrow" },
    { name = "pydantic" },
    { name = "pyyaml" },
]

[package.dev-dependencies]
dev = [
    { name = "pytest" },
]

[package.metadata]
requires-dist = [
    { name = "boto3", specifier = ">=1.43.69" },
    { name = "core", editable = "../libs/core" },
    { name = "httpx", specifier = ">=0.28.1" },
    { name = "pyarrow", specifier = ">=25.0.1" },
    { name = "pydantic", specifier = ">=2.13.4" },
    { name = "pyyaml", specifier = ">=6.0.3" },
]

[package.metadata.requires-dev]
dev = [{ name = "pytest", specifier = ">=9.1.1" }]

[[package]]
name = "colorama"
version = "0.4.6"
source = { registry = "https://pypi.org/simple" }
sdist = { url = "https://files.pythonhosted.org/packages/d8/53/6f443c9a4a8358a93a6792e2acffb9d9d5cb0a5cfd8802644b7b1c9a02e4/colorama-0.4.6.tar.gz", hash = "sha256:08695f5cb7ed6e0531a20572697297273c47b8cae5a63ffc6d6ed5c201be6e44", size = 27697, upload-time = "2022-10-25T02:36:22.414Z" }
wheels = [
    { url = "https://files.pythonhosted.org/packages/d1/d6/3965ed04c63042e047cb6a3e6ed1a63a35087b6a609aa3a15ed8ac56c221/colorama-0.4.6-py2.py3-none-any.whl", hash = "sha256:4f1d9991f5acc0ca119f9d443620b77f9d6b33703e51011c16baf57afb285fc6", size = 25335, upload-time = "2022-10-25T02:36:20.889Z" },
]

[[package]]
name = "core"
version = "0.1.0"
source = { editable = "../libs/core" }
dependencies = [
    { name = "psycopg", extra = ["binary"] },
]

[package.metadata]
requires-dist = [{ name = "psycopg", extras = ["binary"], specifier = ">=3.3.4" }]

[[package]]
name = "h11"
version = "0.16.0"
source = { registry = "https://pypi.org/simple" }
sdist = { url = "https://files.pythonhosted.org/packages/01/ee/02a2c011bdab74c6fb3c75474d40b3052059d95df7e73351460c8588d963/h11-0.16.0.tar.gz", hash = "sha256:4e35b956cf45792e4caa5885e69fba00bdbc6ffafbfa020300e549b208ee5ff1", size = 101250, upload-time = "2025-04-24T03:35:25.427Z" }
wheels = [
    { url = "https://files.pythonhosted.org/packages/04/4b/29cac41a4d98d144bf5f6d33995617b185d14b22401f75ca86f384e87ff1/h11-0.16.0-py3-none-any.whl", hash = "sha256:63cf8bbe7522de3bf65932fda1d9c2772064ffb3dae62d55932da54b31cb6c86", size = 37515, upload-time = "2025-04-24T03:35:24.344Z" },
]

[[package]]
name = "httpcore"
version = "1.0.9"
source = { registry = "https://pypi.org/simple" }
dependencies = [
    { name = "certifi" },
    { name = "h11" },
]
sdist = { url = "https://files.pythonhosted.org/packages/06/94/82699a10bca87a5556c9c59b5963f2d039dbd239f25bc2a63907a05a14cb/httpcore-1.0.9.tar.gz", hash = "sha256:6e34463af53fd2ab5d807f399a9b45ea31c3dfa2276f15a2c3f00afff6e176e8", size = 85484, upload-time = "2025-04-24T22:06:22.219Z" }
wheels = [
    { url = "https://files.pythonhosted.org/packages/7e/f5/f66802a942d491edb555dd61e3a9961140fd64c90bce1eafd741609d334d/httpcore-1.0.9-py3-none-any.whl", hash = "sha256:2d400746a40668fc9dec9810239072b40b4484b640a8c38fd654a024c7a1bf55", size = 78784, upload-time = "2025-04-24T22:06:20.566Z" },
]

[[package]]
name = "httpx"
version = "0.28.1"
source = { registry = "https://pypi.org/simple" }
dependencies = [
    { name = "anyio" },
    { name = "certifi" },
    { name = "httpcore" },
    { name = "idna" },
]
sdist = { url = "https://files.pythonhosted.org/packages/b1/df/48c586a5fe32a0f01324ee087459e112ebb7224f646c0b5023f5e79e9956/httpx-0.28.1.tar.gz", hash = "sha256:75e98c5f16b0f35b567856f597f06ff2270a374470a5c2392242528e3e3e42fc", size = 141406, upload-time = "2024-12-06T15:37:23.222Z" }
wheels = [
    { url = "https://files.pythonhosted.org/packages/2a/39/e50c7c3a983047577ee07d2a9e53faf5a69493943ec3f6a384bdc792deb2/httpx-0.28.1-py3-none-any.whl", hash = "sha256:d909fcccc110f8c7faf814ca82a9a4d816bc5a6dbfea25d6591d6985b8ba59ad", size = 73517, upload-time = "2024-12-06T15:37:21.509Z" },
]

[[package]]
name = "idna"
version = "3.18"
source = { registry = "https://pypi.org/simple" }
sdist = { url = "https://files.pythonhosted.org/packages/cd/63/9496c57188a2ee585e0f1db071d75089a11e98aa86eb99d9d7618fc1edce/idna-3.18.tar.gz", hash = "sha256:ffb385a7e039654cef1ab9ef32c6fafe283c0c0467bba1d9029738ce4a14a848", size = 196711, upload-time = "2026-06-02T14:34:07.794Z" }
wheels = [
    { url = "https://files.pythonhosted.org/packages/1e/5e/d4e9f1a599fb8e573b7b87160658329fbf28d19eac2718f51fc3def3aa5a/idna-3.18-py3-none-any.whl", hash = "sha256:7f952cbe720b688055e3f87de14f5c3e5fdaa8bc3928985c4077ca689de849a2", size = 65455, upload-time = "2026-06-02T14:34:06.319Z" },
]

[[package]]
name = "iniconfig"
version = "2.3.0"
source = { registry = "https://pypi.org/simple" }
sdist = { url = "https://files.pythonhosted.org/packages/72/34/14ca021ce8e5dfedc35312d08ba8bf51fdd999c576889fc2c24cb97f4f10/iniconfig-2.3.0.tar.gz", hash = "sha256:c76315c77db068650d49c5b56314774a7804df16fee4402c1f19d6d15d8c4730", size = 20503, upload-time = "2025-10-18T21:55:43.219Z" }
wheels = [
    { url = "https://files.pythonhosted.org/packages/cb/b1/3846dd7f199d53cb17f49cba7e651e9ce294d8497c8c150530ed11865bb8/iniconfig-2.3.0-py3-none-any.whl", hash = "sha256:f631c04d2c48c52b84d0d0549c99ff3859c98df65b3101406327ecc7d53fbf12", size = 7484, upload-time = "2025-10-18T21:55:41.639Z" },
]

[[package]]
name = "jmespath"
version = "1.1.0"
source = { registry = "https://pypi.org/simple" }
sdist = { url = "https://files.pythonhosted.org/packages/d3/59/322338183ecda247fb5d1763a6cbe46eff7222eaeebafd9fa65d4bf5cb11/jmespath-1.1.0.tar.gz", hash = "sha256:472c87d80f36026ae83c6ddd0f1d05d4e510134ed462851fd5f754c8c3cbb88d", size = 27377, upload-time = "2026-01-22T16:35:26.279Z" }
wheels = [
    { url = "https://files.pythonhosted.org/packages/14/2f/967ba146e6d58cf6a652da73885f52fc68001525b4197effc174321d70b4/jmespath-1.1.0-py3-none-any.whl", hash = "sha256:a5663118de4908c91729bea0acadca56526eb2698e83de10cd116ae0f4e97c64", size = 20419, upload-time = "2026-01-22T16:35:24.919Z" },
]

[[package]]
name = "packaging"
version = "26.3"
source = { registry = "https://pypi.org/simple" }
sdist = { url = "https://files.pythonhosted.org/packages/7d/fa/3944b40b07da9ce895c0e6303a5ab7d53da063554f534556b134a54d6093/packaging-26.3.tar.gz", hash = "sha256:94edc256424af38762eb31306eed28beb9f0efc50a8837492c9d6fd6004aed79", size = 313412, upload-time = "2026-08-04T18:15:28.737Z" }
wheels = [
    { url = "https://files.pythonhosted.org/packages/63/34/ba1c580383c9eada3711951fef0795c80b829a078d72188184bcab9dd527/packaging-26.3-py3-none-any.whl", hash = "sha256:d7193f7c8e4e93f444fde0262bf90af30e16fa0ad0ad44cb553c87339b23cd1c", size = 129956, upload-time = "2026-08-04T18:15:27.159Z" },
]

[[package]]
name = "pluggy"
version = "1.6.0"
source = { registry = "https://pypi.org/simple" }
sdist = { url = "https://files.pythonhosted.org/packages/f9/e2/3e91f31a7d2b083fe6ef3fa267035b518369d9511ffab804f839851d2779/pluggy-1.6.0.tar.gz", hash = "sha256:7dcc130b76258d33b90f61b658791dede3486c3e6bfb003ee5c9bfb396dd22f3", size = 69412, upload-time = "2025-05-15T12:30:07.975Z" }
wheels = [
    { url = "https://files.pythonhosted.org/packages/54/20/4d324d65cc6d9205fabedc306948156824eb9f0ee1633355a8f7ec5c66bf/pluggy-1.6.0-py3-none-any.whl", hash = "sha256:e920276dd6813095e9377c0bc5566d94c932c33b27a3e3945d8389c374dd4746", size = 20538, upload-time = "2025-05-15T12:30:06.134Z" },
]

[[package]]
name = "psycopg"
version = "3.3.4"
source = { registry = "https://pypi.org/simple" }
dependencies = [
    { name = "typing-extensions" },
    { name = "tzdata", marker = "sys_platform == 'win32'" },
]
sdist = { url = "https://files.pythonhosted.org/packages/db/2f/cb91e5502ec9de1de6f1b76cfbf69531932725361168bb06963620c77e2e/psycopg-3.3.4.tar.gz", hash = "sha256:e21207764952cff81b6b8bdacad9a3939f2793367fdac2987b3aac36a651b5bc", size = 165799, upload-time = "2026-05-01T23:31:55.179Z" }
wheels = [
    { url = "https://files.pythonhosted.org/packages/5c/e0/7b3dee031daae7743609ce3c746565d4a3ed7c2c186479eb48e34e838c64/psycopg-3.3.4-py3-none-any.whl", hash = "sha256:b6bbc25ccf05c8fad3b061d9db2ef0909a555171b84b07f29458a447253d679a", size = 213001, upload-time = "2026-05-01T23:20:50.816Z" },
]

[package.optional-dependencies]
binary = [
    { name = "psycopg-binary", marker = "implementation_name != 'pypy'" },
]

[[package]]
name = "psycopg-binary"
version = "3.3.4"
source = { registry = "https://pypi.org/simple" }
wheels = [
    { url = "https://files.pythonhosted.org/packages/b6/82/df3312c0ca083d5b43b352f27d4dd8b1e614bd334473074715d9e0000da4/psycopg_binary-3.3.4-cp311-cp311-macosx_10_9_x86_64.whl", hash = "sha256:612a627d733f695b1de1f9b4bd511c15f999a5d8b915d444bbd7dd71cf3370da", size = 4609813, upload-time = "2026-05-01T23:26:30.612Z" },
    { url = "https://files.pythonhosted.org/packages/1f/b5/d74d542458d3e8ac0571d8a88f57ca369999b9a82f4fa528052d0d7d3e4c/psycopg_binary-3.3.4-cp311-cp311-macosx_11_0_arm64.whl", hash = "sha256:13a7f380824c35896dcac7fe0f61440f7ca49d6dc73f3c13a9a4471e6a3b302e", size = 4676799, upload-time = "2026-05-01T23:26:38.475Z" },
    { url = "https://files.pythonhosted.org/packages/09/67/06bab9c60671999f4c6ceff1b334f3ac1f9fc5789eb467c714623ea21de9/psycopg_binary-3.3.4-cp311-cp311-manylinux2014_ppc64le.manylinux_2_17_ppc64le.whl", hash = "sha256:276904e3452d6a23d474ef9a21eee19f20eed3d53ddd2576af033827e0ba0992", size = 5497050, upload-time = "2026-05-01T23:26:47.061Z" },
    { url = "https://files.pythonhosted.org/packages/72/9b/023433e2b20f970de1e22d29132a95281277646da0b2e2879dd4ee94b8c1/psycopg_binary-3.3.4-cp311-cp311-manylinux2014_x86_64.manylinux_2_17_x86_64.whl", hash = "sha256:ab8cca8ef8fb1ccf5b048ae5bd78ba55b9e4b5d472e3ce5ca39ff4d2a9c249e4", size = 5172428, upload-time = "2026-05-01T23:26:56.708Z" },
    { url = "https://files.pythonhosted.org/packages/08/cd/ae16da8fde228a38b2fe9269bbc13cf89e0186173f2265600f02d6a71e64/psycopg_binary-3.3.4-cp311-cp311-manylinux_2_27_aarch64.manylinux_2_28_aarch64.whl", hash = "sha256:7465bfe6087d2d5b42d4c53b9b11ca9f218e477317a4a162a10e3c19e984ba8e", size = 6762746, upload-time = "2026-05-01T23:27:07.023Z" },
    { url = "https://files.pythonhosted.org/packages/4f/81/0ba09fa5f5f88779093a2541a8e02489825721f258ab88058b11d68b3eb5/psycopg_binary-3.3.4-cp311-cp311-manylinux_2_38_riscv64.manylinux_2_39_riscv64.whl", hash = "sha256:22cdbf5f91ef7bb91fe0c5757e1962d3127a8010256eefd9c61fcaf441802097", size = 5006033, upload-time = "2026-05-01T23:27:12.221Z" },
    { url = "https://files.pythonhosted.org/packages/73/6a/629136040cc3497adb442a305710b5913f2a754d4630fc3d3717c4c0df65/psycopg_binary-3.3.4-cp311-cp311-musllinux_1_2_aarch64.whl", hash = "sha256:e2631da29253a98bd496e6c4813b24e09a4fe3fb2a9e88513305d6f8747cce95", size = 4534175, upload-time = "2026-05-01T23:27:18.248Z" },
    { url = "https://files.pythonhosted.org/packages/7c/32/1027f843c6dc2d5d51960ee62cc0c2cf755a4c39455aff1371173edbef7d/psycopg_binary-3.3.4-cp311-cp311-musllinux_1_2_ppc64le.whl", hash = "sha256:7f7668f30b9dd5163197e5cbf4e0efd54e00f0a859cc566ce56cfc31f4054839", size = 4224203, upload-time = "2026-05-01T23:27:24.3Z" },
    { url = "https://files.pythonhosted.org/packages/0b/e1/380a724d9093c74adb14d4fce920ea8327838abb61f760b1448586b14a8e/psycopg_binary-3.3.4-cp311-cp311-musllinux_1_2_riscv64.whl", hash = "sha256:cffc3408d77a27973f33e5d909b624cce683db5fc25964b02fe0aae7886c1007", size = 3954509, upload-time = "2026-05-01T23:27:30.815Z" },
    { url = "https://files.pythonhosted.org/packages/db/cd/895893ae575a09c97ccfd5def070d88993d955ef34df45a881fd5ff506d6/psycopg_binary-3.3.4-cp311-cp311-musllinux_1_2_x86_64.whl", hash = "sha256:0579252a1202cd73e4da137a1426e2dae993ae44e757605344282af3a082848c", size = 4259551, upload-time = "2026-05-01T23:27:38.828Z" },
    { url = "https://files.pythonhosted.org/packages/dd/c6/2330a20794e37a3ec609ef2fd8522919ec7a4395a1abf979a8e2d1775cd5/psycopg_binary-3.3.4-cp311-cp311-win_amd64.whl", hash = "sha256:41f2ec0fea529832982bcb6c9415de3c86264ebe562b77a467c0fbcd7efbba8d", size = 3572054, upload-time = "2026-05-01T23:27:45.455Z" },
]

[[package]]
name = "pyarrow"
version = "25.0.1"
source = { registry = "https://pypi.org/simple" }
sdist = { url = "https://files.pythonhosted.org/packages/3d/e3/27f57f80141379d60defe6703eb50a707325706f07fedfd1312c7a751995/pyarrow-25.0.1.tar.gz", hash = "sha256:9150a83248bfed9813ea3c3af74c3856c1984d444aa28e58bf7733b9750ddf6a", size = 1201653, upload-time = "2026-08-10T12:40:53.904Z" }
wheels = [
    { url = "https://files.pythonhosted.org/packages/ee/8b/0d23b47702fcfe8b3618d5292035099675c5a1c48258932350c08020f7b5/pyarrow-25.0.1-cp311-cp311-macosx_12_0_arm64.whl", hash = "sha256:51093dd9e10325fbdb3c10a2ae7c4806e5c822d94e74ae4938b26524a3323fee", size = 35946180, upload-time = "2026-08-10T12:37:18.934Z" },
    { url = "https://files.pythonhosted.org/packages/d8/17/707d17a5476c55a9541fde0db8213ac30979a792864d72415f176ba50c45/pyarrow-25.0.1-cp311-cp311-macosx_12_0_x86_64.whl", hash = "sha256:eb6203482ff3746a5632303a7279ae0b5a304c46985b49ed1378cb350ea6728d", size = 37644787, upload-time = "2026-08-10T12:37:25.795Z" },
    { url = "https://files.pythonhosted.org/packages/c1/b2/cdc98ecf1a6408280bc3a6a07054cdd99a3f4670acc0545d383ce113e87d/pyarrow-25.0.1-cp311-cp311-manylinux_2_28_aarch64.whl", hash = "sha256:880523be3d29efcf83d3998835d206118ccf35e3871dbd2fb60408cf6b007a80", size = 46834633, upload-time = "2026-08-10T12:37:33.604Z" },
    { url = "https://files.pythonhosted.org/packages/c8/6e/d3fafc41f378b2c65be43b827798c0fae42049a641c8526633ed3eb573e2/pyarrow-25.0.1-cp311-cp311-manylinux_2_28_x86_64.whl", hash = "sha256:25f8720bf6387d5dc2ebd2622112de630760419e4b66134405dd24110d15f37e", size = 50065507, upload-time = "2026-08-10T12:37:40.565Z" },
    { url = "https://files.pythonhosted.org/packages/d5/12/8d0698954b8c3001844a898e0a6900bebe83d7ee40c11195174c5122f324/pyarrow-25.0.1-cp311-cp311-musllinux_1_2_aarch64.whl", hash = "sha256:4facd65742a024a4a366328a1d2292062d72d6e023c1b7dda8d4c37544933a25", size = 49955690, upload-time = "2026-08-10T12:37:46.644Z" },
    { url = "https://files.pythonhosted.org/packages/d3/0b/1ecb936ac6409e90a34d58eea1c7cec09a9ae6d2141b9e49ad01a2b1ea47/pyarrow-25.0.1-cp311-cp311-musllinux_1_2_x86_64.whl", hash = "sha256:aa0559502e1cd6254d6814614085dd9c5a3dd0419362978a936a3f68a9e5c3df", size = 53128198, upload-time = "2026-08-10T12:37:52.531Z" },
    { url = "https://files.pythonhosted.org/packages/8e/1c/5236033550633c9b7377b2a53660b2bbb06cb06dc09c4356332d67643ca1/pyarrow-25.0.1-cp311-cp311-win_amd64.whl", hash = "sha256:62cd0d785b8aa6675ee355f9fc02252a340f4441257c42674937826fd7594325", size = 27857263, upload-time = "2026-08-10T12:37:56.943Z" },
]

[[package]]
name = "pydantic"
version = "2.13.4"
source = { registry = "https://pypi.org/simple" }
dependencies = [
    { name = "annotated-types" },
    { name = "pydantic-core" },
    { name = "typing-extensions" },
    { name = "typing-inspection" },
]
sdist = { url = "https://files.pythonhosted.org/packages/18/a5/b60d21ac674192f8ab0ba4e9fd860690f9b4a6e51ca5df118733b487d8d6/pydantic-2.13.4.tar.gz", hash = "sha256:c40756b57adaa8b1efeeced5c196f3f3b7c435f90e84ea7f443901bec8099ef6", size = 844775, upload-time = "2026-05-06T13:43:05.343Z" }
wheels = [
    { url = "https://files.pythonhosted.org/packages/fd/7b/122376b1fd3c62c1ed9dc80c931ace4844b3c55407b6fb2d199377c9736f/pydantic-2.13.4-py3-none-any.whl", hash = "sha256:45a282cde31d808236fd7ea9d919b128653c8b38b393d1c4ab335c62924d9aba", size = 472262, upload-time = "2026-05-06T13:43:02.641Z" },
]

[[package]]
name = "pydantic-core"
version = "2.46.4"
source = { registry = "https://pypi.org/simple" }
dependencies = [
    { name = "typing-extensions" },
]
sdist = { url = "https://files.pythonhosted.org/packages/9d/56/921726b776ace8d8f5db44c4ef961006580d91dc52b803c489fafd1aa249/pydantic_core-2.46.4.tar.gz", hash = "sha256:62f875393d7f270851f20523dd2e29f082bcc82292d66db2b64ea71f64b6e1c1", size = 471464, upload-time = "2026-05-06T13:37:06.98Z" }
wheels = [
    { url = "https://files.pythonhosted.org/packages/5c/fa/6d7708d2cfc1a832acb6aeb0cd16e801902df8a0f583bb3b4b527fde022e/pydantic_core-2.46.4-cp311-cp311-macosx_10_12_x86_64.whl", hash = "sha256:0e96592440881c74a213e5ad528e2b24d3d4f940de2766bed9010ab1d9e51594", size = 2111872, upload-time = "2026-05-06T13:40:27.596Z" },
    { url = "https://files.pythonhosted.org/packages/ae/6f/aa064a3e74b5745afbdf250594f38e7ead05e2d651bcb35994b9417a0d4d/pydantic_core-2.46.4-cp311-cp311-macosx_11_0_arm64.whl", hash = "sha256:e0d65b8c354be7fb5f720c3caa8bc940bc2d20ce749c8e06135f07f8ed95dd7c", size = 1948255, upload-time = "2026-05-06T13:39:12.574Z" },
    { url = "https://files.pythonhosted.org/packages/43/3a/41114a9f7569b84b4d84e7a018c57c56347dac30c0d4a872946ec4e36c46/pydantic_core-2.46.4-cp311-cp311-manylinux_2_17_aarch64.manylinux2014_aarch64.whl", hash = "sha256:7bfb192b3f4b9e8a89b6277b6ce787564f62cfd272055f6e685726b111dc7826", size = 1972827, upload-time = "2026-05-06T13:38:19.841Z" },
    { url = "https://files.pythonhosted.org/packages/ef/25/1ab42e8048fe551934d9884e8d64daa7e990ad386f310a15981aeb6a5b08/pydantic_core-2.46.4-cp311-cp311-manylinux_2_17_armv7l.manylinux2014_armv7l.whl", hash = "sha256:9037063db01f09b09e237c282b6792bd4da634b5402c4e7f0c61effed7701a04", size = 2041051, upload-time = "2026-05-06T13:38:10.447Z" },
    { url = "https://files.pythonhosted.org/packages/94/c2/1a934597ddf08da410385b3b7aae91956a5a76c635effef456074fad7e88/pydantic_core-2.46.4-cp311-cp311-manylinux_2_17_ppc64le.manylinux2014_ppc64le.whl", hash = "sha256:fc010ab034c8c7452522748bf937df58020d256ccae0874463d1f4d01758af8e", size = 2221314, upload-time = "2026-05-06T13:40:13.089Z" },
    { url = "https://files.pythonhosted.org/packages/02/6d/9e8ad178c9c4df27ad3c8f25d1fe2a7ab0d2ba0559fad4aee5d3d1f16771/pydantic_core-2.46.4-cp311-cp311-manylinux_2_17_s390x.manylinux2014_s390x.whl", hash = "sha256:8c5dac79fa1614d1e06ca695109c6105923bd9c7d1d6c918d4e637b7e6b32fd3", size = 2285146, upload-time = "2026-05-06T13:38:59.224Z" },
    { url = "https://files.pythonhosted.org/packages/80/50/540cd3aeefc041beb111125c4bff779831a2111fc6b15a9138cda277d32c/pydantic_core-2.46.4-cp311-cp311-manylinux_2_17_x86_64.manylinux2014_x86_64.whl", hash = "sha256:f9fa868638bf362d3d138ea55829cefb3d5f4b0d7f142234382a15e2485dbec4", size = 2089685, upload-time = "2026-05-06T13:38:17.762Z" },
    { url = "https://files.pythonhosted.org/packages/6b/a4/b440ad35f05f6a38f89fa0f149accb3f0e02be94ca5e15f3c449a61b4bc9/pydantic_core-2.46.4-cp311-cp311-manylinux_2_31_riscv64.whl", hash = "sha256:17299feefe090f2caa5b8e37222bb5f663e4935a8bfa6931d4102e5df1a9f398", size = 2115420, upload-time = "2026-05-06T13:37:58.195Z" },
    { url = "https://files.pythonhosted.org/packages/99/61/de4f55db8dfd57bfdfa9a12ec90fe1b57c4f41062f7ca86f08586b3e0ac0/pydantic_core-2.46.4-cp311-cp311-manylinux_2_5_i686.manylinux1_i686.whl", hash = "sha256:4c63ebc82684aa89d9a3bcbd13d515b3be44250dc68dd3bd81526c1cb31286c3", size = 2165122, upload-time = "2026-05-06T13:37:01.167Z" },
    { url = "https://files.pythonhosted.org/packages/f7/52/7c529d7bdb2d1068bd52f51fe32572c8301f9a4febf1948f10639f1436f5/pydantic_core-2.46.4-cp311-cp311-musllinux_1_1_aarch64.whl", hash = "sha256:aaa2a54443eff1950ba5ddc6b6ccda0d9c84a364276a62f969bdf2a390650848", size = 2182573, upload-time = "2026-05-06T13:38:45.04Z" },
    { url = "https://files.pythonhosted.org/packages/37/b3/7c40325848ba78247f2812dcf9c7274e38cd801820ca6dd9fe63bcfb0eb4/pydantic_core-2.46.4-cp311-cp311-musllinux_1_1_armv7l.whl", hash = "sha256:18e5ceec2ab67e6d5f1a9085e5a24c9c4e2ac4545730bfe668680bca05e555f3", size = 2317139, upload-time = "2026-05-06T13:37:15.539Z" },
    { url = "https://files.pythonhosted.org/packages/d9/37/f913f81a657c865b75da6c0dbed79876073c2a43b5bd9edbe8da785e4d49/pydantic_core-2.46.4-cp311-cp311-musllinux_1_1_x86_64.whl", hash = "sha256:a0f62d0a58f4e7da165457e995725421e0064f2255d8eccebc49f41bbc23b109", size = 2360433, upload-time = "2026-05-06T13:37:30.099Z" },
    { url = "https://files.pythonhosted.org/packages/c4/67/6acaa1be2567f9256b056d8477158cac7240813956ce86e49deae8e173b4/pydantic_core-2.46.4-cp311-cp311-win32.whl", hash = "sha256:041bde0a48fd37cf71cab1c9d56d3e8625a3793fef1f7dd232b3ff37e978ecda", size = 1985513, upload-time = "2026-05-06T13:38:15.669Z" },
    { url = "https://files.pythonhosted.org/packages/aa/e6/c505f83dfeda9a2e5c995cfd872949e4d05e12f7feb3dca72f633daefa94/pydantic_core-2.46.4-cp311-cp311-win_amd64.whl", hash = "sha256:6f2eeda33a839975441c86a4119e1383c50b47faf0cbb5176985565c6bb02c33", size = 2071114, upload-time = "2026-05-06T13:40:35.416Z" },
    { url = "https://files.pythonhosted.org/packages/0f/da/7a263a96d965d9d0df5e8de8a475f33495451117035b09acb110288c381f/pydantic_core-2.46.4-cp311-cp311-win_arm64.whl", hash = "sha256:14f4c5d6db102bd796a627bbb3a17b4cf4574b9ae861d8b7c9a9661c6dd3362d", size = 2044298, upload-time = "2026-05-06T13:38:29.754Z" },
    { url = "https://files.pythonhosted.org/packages/ee/a4/73995fd4ebbb46ba0ee51e6fa049b8f02c40daebb762208feda8a6b7894d/pydantic_core-2.46.4-graalpy311-graalpy242_311_native-macosx_10_12_x86_64.whl", hash = "sha256:14d4edf427bdcf950a8a02d7cb44a08614388dd6e1bdcbf4f67504fa7887da9c", size = 2111589, upload-time = "2026-05-06T13:37:10.817Z" },
    { url = "https://files.pythonhosted.org/packages/fb/7f/f37d3a5e8bfcc2e403f5c57a730f2d815693fb42119e8ea48b3789335af1/pydantic_core-2.46.4-graalpy311-graalpy242_311_native-macosx_11_0_arm64.whl", hash = "sha256:0ce40cd7b21210e99342afafbd4d0f76d784eb5b1d60f3bdc566be4983c6c73b", size = 1944552, upload-time = "2026-05-06T13:36:56.717Z" },
    { url = "https://files.pythonhosted.org/packages/15/3c/d7eb777b3ff43e8433a4efb39a17aa8fd98a4ee8561a24a67ef5db07b2d6/pydantic_core-2.46.4-graalpy311-graalpy242_311_native-manylinux_2_17_aarch64.manylinux2014_aarch64.whl", hash = "sha256:90884113d8b48f760e9587002789ddd741e76ab9f89518cd1e43b1f1a52ec44b", size = 1982984, upload-time = "2026-05-06T13:39:06.207Z" },
    { url = "https://files.pythonhosted.org/packages/63/87/70b9f40170a81afd55ca26c9b2acb25c20d64bcfbf888fafecb3ba077d4c/pydantic_core-2.46.4-graalpy311-graalpy242_311_native-manylinux_2_17_x86_64.manylinux2014_x86_64.whl", hash = "sha256:66ce7632c22d837c95301830e111ad0128a32b8207533b60896a96c4915192ea", size = 2138417, upload-time = "2026-05-06T13:39:45.476Z" },
    { url = "https://files.pythonhosted.org/packages/11/cb/428de0385b6c8d44b716feba566abfacfbd23ee3c4439faa789a1456242f/pydantic_core-2.46.4-pp311-pypy311_pp73-macosx_10_12_x86_64.whl", hash = "sha256:0c563b08bca408dc7f65f700633d8442fffb2421fc47b8101377e9fd65051ff0", size = 2112782, upload-time = "2026-05-06T13:37:04.016Z" },
    { url = "https://files.pythonhosted.org/packages/0b/b5/6a17bdadd0fc1f170adfd05a20d37c832f52b117b4d9131da1f41bb097ce/pydantic_core-2.46.4-pp311-pypy311_pp73-macosx_11_0_arm64.whl", hash = "sha256:db06ffe51636ffe9ca531fe9023dd64bdd794be8754cb5df57c5498ae5b518a7", size = 1952146, upload-time = "2026-05-06T13:39:43.092Z" },
    { url = "https://files.pythonhosted.org/packages/2a/dc/03734d80e362cd43ef65428e9de77c730ce7f2f11c60d2b1e1b39f0fbf99/pydantic_core-2.46.4-pp311-pypy311_pp73-manylinux_2_17_x86_64.manylinux2014_x86_64.whl", hash = "sha256:133878133d271ade3d41d1bfb2a45ec38dbdbda40bc065921c6b04e4630127e2", size = 2134492, upload-time = "2026-05-06T13:36:58.124Z" },
    { url = "https://files.pythonhosted.org/packages/de/df/5e5ffc085ed07cc22d298134d3d911c63e91f6a0eb91fe646750a3209910/pydantic_core-2.46.4-pp311-pypy311_pp73-manylinux_2_5_i686.manylinux1_i686.whl", hash = "sha256:9bc519fbf2b7578398853d815009ae5e4d4603d12f4e3f91da8c06852d3da3e9", size = 2156604, upload-time = "2026-05-06T13:37:49.88Z" },
    { url = "https://files.pythonhosted.org/packages/81/44/6e112a4253e56f5705467cbab7ab5e91ee7398ba3d56d358635958893d3e/pydantic_core-2.46.4-pp311-pypy311_pp73-musllinux_1_1_aarch64.whl", hash = "sha256:c7a7bd4e39e8e4c12c39cd480356842b6a8a06e41b23a55a5e3e191718838ddf", size = 2183828, upload-time = "2026-05-06T13:37:43.053Z" },
    { url = "https://files.pythonhosted.org/packages/ac/ad/5565071e937d8e752842ac241463944c9eb14c87e2d269f2658a5bd05e98/pydantic_core-2.46.4-pp311-pypy311_pp73-musllinux_1_1_armv7l.whl", hash = "sha256:d396ec2b979760aaf3218e76c24e65bd0aca24983298653b3a9d7a45f9e47b30", size = 2310000, upload-time = "2026-05-06T13:37:56.694Z" },
    { url = "https://files.pythonhosted.org/packages/4f/c3/66883a5cec183e7fba4d024b4cbbe61851a63750ef606b0afecc46d1f2bf/pydantic_core-2.46.4-pp311-pypy311_pp73-musllinux_1_1_x86_64.whl", hash = "sha256:86e1a4418c6cd97d60c95c71164158eaf7324fae7b0923264016baa993eba6fc", size = 2361286, upload-time = "2026-05-06T13:40:05.667Z" },
    { url = "https://files.pythonhosted.org/packages/4b/2d/69abac8f838090bbecd5df894befb2c2619e7996a98ddb949db9f3b93225/pydantic_core-2.46.4-pp311-pypy311_pp73-win_amd64.whl", hash = "sha256:d51026d73fcfd93610abc7b27789c26b313920fcfb20e27462d74a7f8b06e983", size = 2193071, upload-time = "2026-05-06T13:38:08.682Z" },
]

[[package]]
name = "pygments"
version = "2.20.0"
source = { registry = "https://pypi.org/simple" }
sdist = { url = "https://files.pythonhosted.org/packages/c3/b2/bc9c9196916376152d655522fdcebac55e66de6603a76a02bca1b6414f6c/pygments-2.20.0.tar.gz", hash = "sha256:6757cd03768053ff99f3039c1a36d6c0aa0b263438fcab17520b30a303a82b5f", size = 4955991, upload-time = "2026-03-29T13:29:33.898Z" }
wheels = [
    { url = "https://files.pythonhosted.org/packages/f4/7e/a72dd26f3b0f4f2bf1dd8923c85f7ceb43172af56d63c7383eb62b332364/pygments-2.20.0-py3-none-any.whl", hash = "sha256:81a9e26dd42fd28a23a2d169d86d7ac03b46e2f8b59ed4698fb4785f946d0176", size = 1231151, upload-time = "2026-03-29T13:29:30.038Z" },
]

[[package]]
name = "pytest"
version = "9.1.1"
source = { registry = "https://pypi.org/simple" }
dependencies = [
    { name = "colorama", marker = "sys_platform == 'win32'" },
    { name = "iniconfig" },
    { name = "packaging" },
    { name = "pluggy" },
    { name = "pygments" },
]
sdist = { url = "https://files.pythonhosted.org/packages/e4/47/b9efed96c114afcfa3c9d3fe98a76a1d14c74a9e266d397cf6eb64be5e01/pytest-9.1.1.tar.gz", hash = "sha256:1088fbde8f2b49d95a549a195707afa7a76a3ce9bcadc26b6d71f0ffda5fe313", size = 1636369, upload-time = "2026-06-19T10:58:32.857Z" }
wheels = [
    { url = "https://files.pythonhosted.org/packages/24/25/1de2678b631f5a49215c6c96fff41ba892b0a34df68d6d80292b1b48aa7f/pytest-9.1.1-py3-none-any.whl", hash = "sha256:37a86b45efb9a47a61a36449063e8e18d0cab3161329fc099eb21783169c4f0c", size = 386536, upload-time = "2026-06-19T10:58:31.347Z" },
]

[[package]]
name = "python-dateutil"
version = "2.9.0.post0"
source = { registry = "https://pypi.org/simple" }
dependencies = [
    { name = "six" },
]
sdist = { url = "https://files.pythonhosted.org/packages/66/c0/0c8b6ad9f17a802ee498c46e004a0eb49bc148f2fd230864601a86dcf6db/python-dateutil-2.9.0.post0.tar.gz", hash = "sha256:37dd54208da7e1cd875388217d5e00ebd4179249f90fb72437e91a35459a0ad3", size = 342432, upload-time = "2024-03-01T18:36:20.211Z" }
wheels = [
    { url = "https://files.pythonhosted.org/packages/ec/57/56b9bcc3c9c6a792fcbaf139543cee77261f3651ca9da0c93f5c1221264b/python_dateutil-2.9.0.post0-py2.py3-none-any.whl", hash = "sha256:a8b2bc7bffae282281c8140a97d3aa9c14da0b136dfe83f850eea9a5f7470427", size = 229892, upload-time = "2024-03-01T18:36:18.57Z" },
]

[[package]]
name = "pyyaml"
version = "6.0.3"
source = { registry = "https://pypi.org/simple" }
sdist = { url = "https://files.pythonhosted.org/packages/05/8e/961c0007c59b8dd7729d542c61a4d537767a59645b82a0b521206e1e25c2/pyyaml-6.0.3.tar.gz", hash = "sha256:d76623373421df22fb4cf8817020cbb7ef15c725b9d5e45f17e189bfc384190f", size = 130960, upload-time = "2025-09-25T21:33:16.546Z" }
wheels = [
    { url = "https://files.pythonhosted.org/packages/6d/16/a95b6757765b7b031c9374925bb718d55e0a9ba8a1b6a12d25962ea44347/pyyaml-6.0.3-cp311-cp311-macosx_10_13_x86_64.whl", hash = "sha256:44edc647873928551a01e7a563d7452ccdebee747728c1080d881d68af7b997e", size = 185826, upload-time = "2025-09-25T21:31:58.655Z" },
    { url = "https://files.pythonhosted.org/packages/16/19/13de8e4377ed53079ee996e1ab0a9c33ec2faf808a4647b7b4c0d46dd239/pyyaml-6.0.3-cp311-cp311-macosx_11_0_arm64.whl", hash = "sha256:652cb6edd41e718550aad172851962662ff2681490a8a711af6a4d288dd96824", size = 175577, upload-time = "2025-09-25T21:32:00.088Z" },
    { url = "https://files.pythonhosted.org/packages/0c/62/d2eb46264d4b157dae1275b573017abec435397aa59cbcdab6fc978a8af4/pyyaml-6.0.3-cp311-cp311-manylinux2014_aarch64.manylinux_2_17_aarch64.manylinux_2_28_aarch64.whl", hash = "sha256:10892704fc220243f5305762e276552a0395f7beb4dbf9b14ec8fd43b57f126c", size = 775556, upload-time = "2025-09-25T21:32:01.31Z" },
    { url = "https://files.pythonhosted.org/packages/10/cb/16c3f2cf3266edd25aaa00d6c4350381c8b012ed6f5276675b9eba8d9ff4/pyyaml-6.0.3-cp311-cp311-manylinux2014_s390x.manylinux_2_17_s390x.manylinux_2_28_s390x.whl", hash = "sha256:850774a7879607d3a6f50d36d04f00ee69e7fc816450e5f7e58d7f17f1ae5c00", size = 882114, upload-time = "2025-09-25T21:32:03.376Z" },
    { url = "https://files.pythonhosted.org/packages/71/60/917329f640924b18ff085ab889a11c763e0b573da888e8404ff486657602/pyyaml-6.0.3-cp311-cp311-manylinux2014_x86_64.manylinux_2_17_x86_64.manylinux_2_28_x86_64.whl", hash = "sha256:b8bb0864c5a28024fac8a632c443c87c5aa6f215c0b126c449ae1a150412f31d", size = 806638, upload-time = "2025-09-25T21:32:04.553Z" },
    { url = "https://files.pythonhosted.org/packages/dd/6f/529b0f316a9fd167281a6c3826b5583e6192dba792dd55e3203d3f8e655a/pyyaml-6.0.3-cp311-cp311-musllinux_1_2_aarch64.whl", hash = "sha256:1d37d57ad971609cf3c53ba6a7e365e40660e3be0e5175fa9f2365a379d6095a", size = 767463, upload-time = "2025-09-25T21:32:06.152Z" },
    { url = "https://files.pythonhosted.org/packages/f2/6a/b627b4e0c1dd03718543519ffb2f1deea4a1e6d42fbab8021936a4d22589/pyyaml-6.0.3-cp311-cp311-musllinux_1_2_x86_64.whl", hash = "sha256:37503bfbfc9d2c40b344d06b2199cf0e96e97957ab1c1b546fd4f87e53e5d3e4", size = 794986, upload-time = "2025-09-25T21:32:07.367Z" },
    { url = "https://files.pythonhosted.org/packages/45/91/47a6e1c42d9ee337c4839208f30d9f09caa9f720ec7582917b264defc875/pyyaml-6.0.3-cp311-cp311-win32.whl", hash = "sha256:8098f252adfa6c80ab48096053f512f2321f0b998f98150cea9bd23d83e1467b", size = 142543, upload-time = "2025-09-25T21:32:08.95Z" },
    { url = "https://files.pythonhosted.org/packages/da/e3/ea007450a105ae919a72393cb06f122f288ef60bba2dc64b26e2646fa315/pyyaml-6.0.3-cp311-cp311-win_amd64.whl", hash = "sha256:9f3bfb4965eb874431221a3ff3fdcddc7e74e3b07799e0e84ca4a0f867d449bf", size = 158763, upload-time = "2025-09-25T21:32:09.96Z" },
]

[[package]]
name = "s3transfer"
version = "0.19.2"
source = { registry = "https://pypi.org/simple" }
dependencies = [
    { name = "botocore" },
]
sdist = { url = "https://files.pythonhosted.org/packages/76/43/35e4d8aa320bffe8287fe8f65f578fa2d2db0a64212f0e710dce58267854/s3transfer-0.19.2.tar.gz", hash = "sha256:ba0309fd86be3c27dbf78cdd813c13c5e1df16e5874b99d2535ebbdfb9892993", size = 165592, upload-time = "2026-07-22T19:30:44.432Z" }
wheels = [
    { url = "https://files.pythonhosted.org/packages/bc/e7/5c595c75e9f41a44f30e526eda465ea0b4eec93470e074e4a111b253f13a/s3transfer-0.19.2-py3-none-any.whl", hash = "sha256:d8168eccca828cbb2cd573675333f3bddd254313a9c42494b84c76b539e8ba25", size = 90216, upload-time = "2026-07-22T19:30:43.251Z" },
]

[[package]]
name = "six"
version = "1.17.0"
source = { registry = "https://pypi.org/simple" }
sdist = { url = "https://files.pythonhosted.org/packages/94/e7/b2c673351809dca68a0e064b6af791aa332cf192da575fd474ed7d6f16a2/six-1.17.0.tar.gz", hash = "sha256:ff70335d468e7eb6ec65b95b99d3a2836546063f63acc5171de367e834932a81", size = 34031, upload-time = "2024-12-04T17:35:28.174Z" }
wheels = [
    { url = "https://files.pythonhosted.org/packages/b7/ce/149a00dd41f10bc29e5921b496af8b574d8413afcd5e30dfa0ed46c2cc5e/six-1.17.0-py2.py3-none-any.whl", hash = "sha256:4721f391ed90541fddacab5acf947aa0d3dc7d27b2e1e8eda2be8970586c3274", size = 11050, upload-time = "2024-12-04T17:35:26.475Z" },
]

[[package]]
name = "typing-extensions"
version = "4.16.0"
source = { registry = "https://pypi.org/simple" }
sdist = { url = "https://files.pythonhosted.org/packages/f6/cc/6253133b5bb138fc3306cebfbda2c520f545d36b5be2c7255cc528bb45d6/typing_extensions-4.16.0.tar.gz", hash = "sha256:dc983d19a509c94dba722ee6abd33940f7c05a89e243c47e907eb4db6f1a43e5", size = 113555, upload-time = "2026-07-02T08:40:05.92Z" }
wheels = [
    { url = "https://files.pythonhosted.org/packages/49/d3/b8441a820a491ddfc024b0b0cf0393375b75ea13866d9c66727e54c2fc80/typing_extensions-4.16.0-py3-none-any.whl", hash = "sha256:481caa481374e813c1b176ada14e97f1f67a4539ce9cfeb3f350d78d6370c2e8", size = 45571, upload-time = "2026-07-02T08:40:04.659Z" },
]

[[package]]
name = "typing-inspection"
version = "0.4.3"
source = { registry = "https://pypi.org/simple" }
dependencies = [
    { name = "typing-extensions" },
]
sdist = { url = "https://files.pythonhosted.org/packages/6d/bc/4eae18cd40c65798a16267572ba346c11f599d44b01603dbd843342042bc/typing_inspection-0.4.3.tar.gz", hash = "sha256:c5f9ec1530b5c1e2c9bc34a84d9a3466ed1b2f3f2fa9f901368d9c5596210e4d", size = 76711, upload-time = "2026-08-10T09:39:18.063Z" }
wheels = [
    { url = "https://files.pythonhosted.org/packages/42/f7/7a3935abdebd5cf18705a5f0335dd6a3a18bef3baa7cb9edc3b6b9922cc8/typing_inspection-0.4.3-py3-none-any.whl", hash = "sha256:5f42b23858a91e0b4ef521f5418f03a0da3c9216fd2995ef5e73463100e676cd", size = 14693, upload-time = "2026-08-10T09:39:16.693Z" },
]

[[package]]
name = "tzdata"
version = "2026.3"
source = { registry = "https://pypi.org/simple" }
sdist = { url = "https://files.pythonhosted.org/packages/92/ff/5a28bdfd8c3ebec42564ac7d0e54ca3db65044a9314a97f9564fa7a1e926/tzdata-2026.3.tar.gz", hash = "sha256:4a1518b8993086a7982523e071643f3c0e5f213e75b21318e78bcabfff9d1415", size = 198674, upload-time = "2026-07-10T08:50:37.887Z" }
wheels = [
    { url = "https://files.pythonhosted.org/packages/e5/6d/b53b99a9f2766d095985947a5782f1702cabb129a34f7a802d7197af832f/tzdata-2026.3-py2.py3-none-any.whl", hash = "sha256:dc096730c87af6cab1b171c9d532be840741ff5d459015e7f6947bd7d7e54931", size = 348168, upload-time = "2026-07-10T08:50:36.46Z" },
]

[[package]]
name = "urllib3"
version = "2.7.0"
source = { registry = "https://pypi.org/simple" }
sdist = { url = "https://files.pythonhosted.org/packages/53/0c/06f8b233b8fd13b9e5ee11424ef85419ba0d8ba0b3138bf360be2ff56953/urllib3-2.7.0.tar.gz", hash = "sha256:231e0ec3b63ceb14667c67be60f2f2c40a518cb38b03af60abc813da26505f4c", size = 433602, upload-time = "2026-05-07T16:13:18.596Z" }
wheels = [
    { url = "https://files.pythonhosted.org/packages/7f/3e/5db95bcf282c52709639744ca2a8b149baccf648e39c8cc87553df9eae0c/urllib3-2.7.0-py3-none-any.whl", hash = "sha256:9fb4c81ebbb1ce9531cce37674bbc6f1360472bc18ca9a553ede278ef7276897", size = 131087, upload-time = "2026-05-07T16:13:17.151Z" },
]
