version = 1
revision = 3
requires-python = "==3.11.*"

[[package]]
name = "certifi"
version = "2026.7.22"
source = { registry = "https://pypi.org/simple" }
sdist = { url = "https://files.pythonhosted.org/packages/a3/c2/24167ea9858356b47a87a50d39908bfdb72ceeefe0041586e704e5376b3a/certifi-2026.7.22.tar.gz", hash = "sha256:741e2c3b351ddf169a738da9f2c048608ff7f2c5cc02f1ebc6b118bb090d5d55", size = 138112, upload-time = "2026-07-22T03:35:12.644Z" }
wheels = [
    { url = "https://files.pythonhosted.org/packages/0b/a7/71ac2cff56fec219ed242bb11b8efb69fcc4bec75db06fb7bfe35de520e6/certifi-2026.7.22-py3-none-any.whl", hash = "sha256:62f22742b58a1a33014a2b6b706588a8d7e2a88ae7bd1a6ebe8c992928483775", size = 136983, upload-time = "2026-07-22T03:35:11.276Z" },
]

[[package]]
name = "charset-normalizer"
version = "3.5.0"
source = { registry = "https://pypi.org/simple" }
sdist = { url = "https://files.pythonhosted.org/packages/cb/31/4971872b3ed8715346231fb6eb4da8fcba65a4143c189db151ee28a2812b/charset_normalizer-3.5.0.tar.gz", hash = "sha256:49bd5feb59b0bf3cbf6ebcf4352e371c95b9da9bacd4449f8b64d0ad2c10a26e", size = 169295, upload-time = "2026-08-12T14:35:31.624Z" }
wheels = [
    { url = "https://files.pythonhosted.org/packages/50/42/71e4e3bfe59202feef062c68487f54c6adf501cfbe087ecd93e3cd597fea/charset_normalizer-3.5.0-cp311-cp311-macosx_10_9_universal2.whl", hash = "sha256:e46a37ea7fcf9ae01d71b2e5ece19f1565987f3e308394b829197cbefc061f92", size = 349110, upload-time = "2026-08-12T14:32:07.832Z" },
    { url = "https://files.pythonhosted.org/packages/0f/dd/fd3386d0fbd358d3b5c7a2fa5bf312afe6159b04fafeb67d39fa971d7448/charset_normalizer-3.5.0-cp311-cp311-manylinux2014_aarch64.manylinux_2_17_aarch64.manylinux_2_28_aarch64.whl", hash = "sha256:1cdfed4d7a59333c8220c67dd3be4e7a6c887b67453a64394022dcc919570add", size = 250773, upload-time = "2026-08-12T14:32:09.113Z" },
    { url = "https://files.pythonhosted.org/packages/17/ad/4901a66d6d3b17f1096725d7e50266132c16555aa6a70047fe1cf262b4b2/charset_normalizer-3.5.0-cp311-cp311-manylinux2014_armv7l.manylinux_2_17_armv7l.manylinux_2_31_armv7l.whl", hash = "sha256:9491f594859b68052edebd69e05fb045055a713b57a67974e6c1553b4e503c39", size = 240229, upload-time = "2026-08-12T14:32:10.43Z" },
    { url = "https://files.pythonhosted.org/packages/43/b7/1d790e0425e0f4c99e9b89a3956a94a6d2d0c6f01b2a5eca93d8f082d5ac/charset_normalizer-3.5.0-cp311-cp311-manylinux2014_ppc64le.manylinux_2_17_ppc64le.manylinux_2_28_ppc64le.whl", hash = "sha256:420b19411959eec115063229536788e6b32d0a7fa907d6b940317919120d702d", size = 280757, upload-time = "2026-08-12T14:32:11.628Z" },
    { url = "https://files.pythonhosted.org/packages/44/bb/4b8c8086c67636e52d6354ad17697f54a00b40041ca53dc765737e21709b/charset_normalizer-3.5.0-cp311-cp311-manylinux2014_s390x.manylinux_2_17_s390x.manylinux_2_28_s390x.whl", hash = "sha256:a565303d118ea3b94a4b6c076bf568069726be414e43b06d58f7070b076ce11d", size = 276174, upload-time = "2026-08-12T14:32:12.808Z" },
    { url = "https://files.pythonhosted.org/packages/25/fa/690a11924c40c766d258d2b74d817cc5efe7bbcfceeedc5c0f35256d7524/charset_normalizer-3.5.0-cp311-cp311-manylinux2014_x86_64.manylinux_2_17_x86_64.manylinux_2_28_x86_64.whl", hash = "sha256:815f143a91983ba3041bba066e492ae3c42de523fb1c699685a1abf3313b7d1b", size = 261808, upload-time = "2026-08-12T14:32:14.138Z" },
    { url = "https://files.pythonhosted.org/packages/53/2d/4a6945eff0c8f684e3f5b7b978644ab18ba9198da060dbaa1d9206bc6cc9/charset_normalizer-3.5.0-cp311-cp311-manylinux_2_31_riscv64.manylinux_2_39_riscv64.whl", hash = "sha256:c5e981a5ac8641381efe6f0029467500661616a530d27bc6eedfe45f840599f8", size = 259922, upload-time = "2026-08-12T14:32:15.485Z" },
    { url = "https://files.pythonhosted.org/packages/60/4d/10ac7e07bbf7ea569effeb9524e32f345f7e643800b20d538fb4706eab4e/charset_normalizer-3.5.0-cp311-cp311-musllinux_1_2_aarch64.whl", hash = "sha256:1a573e1e428f93908e79e04b349717f400e720f2f82285f0aaaf3ee0ff7f4c79", size = 252315, upload-time = "2026-08-12T14:32:16.764Z" },
    { url = "https://files.pythonhosted.org/packages/13/bf/1ddacf7aa7da12097f229a6a4e71a70200937a621b3617f6dc819fb99a66/charset_normalizer-3.5.0-cp311-cp311-musllinux_1_2_armv7l.whl", hash = "sha256:32e6d56dd825205f81e5c45bcebb4df6a11fb2bbf4969a01ef156d6ced90c224", size = 240600, upload-time = "2026-08-12T14:32:17.956Z" },
    { url = "https://files.pythonhosted.org/packages/c2/88/293444d48c8d86fe51552262117134a9fc666d68cbbbc9b8c1b2b35a29be/charset_normalizer-3.5.0-cp311-cp311-musllinux_1_2_ppc64le.whl", hash = "sha256:30ae26a1adcd943690dcbbc47f28be762bae9e08ad7442b78c86b1c0dd5a626c", size = 280788, upload-time = "2026-08-12T14:32:19.1Z" },
    { url = "https://files.pythonhosted.org/packages/12/ed/0e34e40584f51eda38d4a5daf25fd8586366347efd4b2470dbf64710e778/charset_normalizer-3.5.0-cp311-cp311-musllinux_1_2_riscv64.whl", hash = "sha256:5f51a19dc52197a20218b05ec5336d0c6b3b09935f838724722032c8d45dc91a", size = 258425, upload-time = "2026-08-12T14:32:20.207Z" },
    { url = "https://files.pythonhosted.org/packages/72/b2/c1b1c27f6f0ef35b21a8bdb592854bbf7f219629db3477f74c0b1380e0ed/charset_normalizer-3.5.0-cp311-cp311-musllinux_1_2_s390x.whl", hash = "sha256:6e44bc2780516b3df986d6fe33103c7080cd9dcd5576fe3cb4b0f64309c8f22b", size = 277437, upload-time = "2026-08-12T14:32:21.345Z" },
    { url = "https://files.pythonhosted.org/packages/b2/bd/a1b7d959a37847675adb2f5978f81703306dd78df4fefb82ee5a1cc5e37f/charset_normalizer-3.5.0-cp311-cp311-musllinux_1_2_x86_64.whl", hash = "sha256:7faa47b56070b3dd6f4898ed28528843ab130d53266cb9948d9b1f3bb1a5c5e8", size = 262947, upload-time = "2026-08-12T14:32:22.613Z" },
    { url = "https://files.pythonhosted.org/packages/c1/fd/a76a2d7e639bfc6a9c869371e34f28231eaca7d7126ec19895aa38eedb51/charset_normalizer-3.5.0-cp311-cp311-win32.whl", hash = "sha256:830c04a49998b5ed58c8b642c65b7b26419397f52392a64121ba9fd0e95e7f9f", size = 181313, upload-time = "2026-08-12T14:32:23.736Z" },
    { url = "https://files.pythonhosted.org/packages/97/84/6fc03e802578df41a2ab9b6a1f26657fb92e32285a603ad5852a4a4f68c1/charset_normalizer-3.5.0-cp311-cp311-win_amd64.whl", hash = "sha256:8cb9b6892b53bd6d11fa4cde3dbee020b1f0b6656be1fbaa1ec0d4324a7839db", size = 206197, upload-time = "2026-08-12T14:32:24.938Z" },
    { url = "https://files.pythonhosted.org/packages/0a/27/7208360ff1901607359869fcc45ca0989d597f3e30777ba30c7254170587/charset_normalizer-3.5.0-cp311-cp311-win_arm64.whl", hash = "sha256:2403b489c103e9a18c835863fc6dd54361355c8291d4cafdb37492b683440b9b", size = 184925, upload-time = "2026-08-12T14:32:26.123Z" },
    { url = "https://files.pythonhosted.org/packages/5b/f3/7b523d807cb5e73562ef8acf21d39cdb9d704955327362c781bc3478a73d/charset_normalizer-3.5.0-cp37-abi3-macosx_10_9_universal2.whl", hash = "sha256:5a4ee37248dfac25107c758bda99d545ce73e60b44d2dd39e4a2bb9f2831e9f5", size = 330840, upload-time = "2026-08-12T14:34:45.06Z" },
    { url = "https://files.pythonhosted.org/packages/f0/de/fc68978fe78ca97063c96d764e41ff92ca639948f319271e0ff450e577a2/charset_normalizer-3.5.0-cp37-abi3-manylinux1_x86_64.manylinux_2_28_x86_64.manylinux_2_5_x86_64.whl", hash = "sha256:a864bdcacd8bff58bb4845304e031f821a3ec64b2b7259f2d409cd49c9e59ca3", size = 251862, upload-time = "2026-08-12T14:34:46.58Z" },
    { url = "https://files.pythonhosted.org/packages/a9/cb/82b41a0ab7fb1a88065f1d78ad32696ad88ea3fe8e25b8189d08833938de/charset_normalizer-3.5.0-cp37-abi3-manylinux2014_aarch64.manylinux_2_17_aarch64.manylinux_2_28_aarch64.whl", hash = "sha256:84b736e3b391601bc47b86da381c749c0f894e9191aaca9f31f30c2632206df3", size = 239484, upload-time = "2026-08-12T14:34:47.869Z" },
    { url = "https://files.pythonhosted.org/packages/e8/0c/19608b631f4538f908098d4a2d56a8f79a665e27cc58e9d90479761a9227/charset_normalizer-3.5.0-cp37-abi3-manylinux2014_armv7l.manylinux_2_17_armv7l.manylinux_2_31_armv7l.whl", hash = "sha256:6abb1f356fb865baeb6ebc3fadd843e9a96fbf49b9adcca55037f3cceccb7438", size = 230602, upload-time = "2026-08-12T14:34:49.265Z" },
    { url = "https://files.pythonhosted.org/packages/29/db/f648eb30e14eba301aed61e11672156f137905c1bdbb530151abe8065943/charset_normalizer-3.5.0-cp37-abi3-manylinux2014_ppc64le.manylinux_2_17_ppc64le.manylinux_2_28_ppc64le.whl", hash = "sha256:1d366548d2ee28a8cfdcc4296363978cc644a728333be9824d2de4652e83df0a", size = 259208, upload-time = "2026-08-12T14:34:50.632Z" },
    { url = "https://files.pythonhosted.org/packages/d3/e0/ed2c8bdbac484d69614d6993143aeb6cb0f4dd1561c883402517b623c8ef/charset_normalizer-3.5.0-cp37-abi3-manylinux2014_s390x.manylinux_2_17_s390x.manylinux_2_28_s390x.whl", hash = "sha256:d672f329ae504ee240eb39b6effb3318aa8e7e8924c0ce8eee5760b3fad98539", size = 253659, upload-time = "2026-08-12T14:34:52.11Z" },
    { url = "https://files.pythonhosted.org/packages/32/08/b4907cb9ec5b521d9d024ced13611240b86ef065c2eb15b3ad2334dc9940/charset_normalizer-3.5.0-cp37-abi3-manylinux_2_31_riscv64.manylinux_2_39_riscv64.whl", hash = "sha256:c54036a518748b6c02e666f6d46c3817561998fb904c3be25b56fb4fe3dc5706", size = 248821, upload-time = "2026-08-12T14:34:53.399Z" },
    { url = "https://files.pythonhosted.org/packages/12/b2/e2d1abcfbc05822f0030869efb4e9f8a3658e13b4821796d4b62da917327/charset_normalizer-3.5.0-cp37-abi3-musllinux_1_2_aarch64.whl", hash = "sha256:22a1889f1c9b752c63c36758a0c2145458e3cadb20fced7a0790002e9dd12b26", size = 240271, upload-time = "2026-08-12T14:34:55.09Z" },
    { url = "https://files.pythonhosted.org/packages/dc/f9/4ba127ad610542fa3eabfa41c45bf12d357860a815b3566374ec0188e213/charset_normalizer-3.5.0-cp37-abi3-musllinux_1_2_armv7l.whl", hash = "sha256:b7eb3eab5c646d3de7dcb14a7c9caebace5249c5767da39e1761cb1576e521a3", size = 232155, upload-time = "2026-08-12T14:34:56.543Z" },
    { url = "https://files.pythonhosted.org/packages/01/68/40613182366d00bd6dbd5f6c84a926cbd120960e038a8269e9ae7d782762/charset_normalizer-3.5.0-cp37-abi3-musllinux_1_2_ppc64le.whl", hash = "sha256:2080aa129a28267984cdc902898993d788c995c384e285d0d19199f56760d52e", size = 259674, upload-time = "2026-08-12T14:34:57.815Z" },
    { url = "https://files.pythonhosted.org/packages/0a/53/4574a14fa4c9de4a6c9f31725354bfa40b67f653e6d594ce1654f9a41b32/charset_normalizer-3.5.0-cp37-abi3-musllinux_1_2_riscv64.whl", hash = "sha256:fd68c825548a611158230e2f9222e210ceb2e3391995c0aa5865cbdf3ab4bd49", size = 246122, upload-time = "2026-08-12T14:34:59.337Z" },
    { url = "https://files.pythonhosted.org/packages/5a/02/bd8030d13d92c058ca7b2b9615bbb3169569e144db64d65c149cd45abf5e/charset_normalizer-3.5.0-cp37-abi3-musllinux_1_2_s390x.whl", hash = "sha256:d8a9316f4da85e937242642b537c6d55d7e9287dd38e5634732f8233932aff45", size = 255221, upload-time = "2026-08-12T14:35:00.71Z" },
    { url = "https://files.pythonhosted.org/packages/77/9d/10ecd3bcbe2666b3d4d4026c97b48f73990682815db516052a1e8f4a31c5/charset_normalizer-3.5.0-cp37-abi3-musllinux_1_2_x86_64.whl", hash = "sha256:d90254c8f609338c53ec180fcd4c4f9c16502e238e3fc88ca7fd4c2f38d445b8", size = 253450, upload-time = "2026-08-12T14:35:02.217Z" },
    { url = "https://files.pythonhosted.org/packages/e4/0f/d044c4872c0938a84f87b5027a698c0e61bacfc5c3551a4e749ca9b7bc5c/charset_normalizer-3.5.0-cp37-abi3-win32.whl", hash = "sha256:8b3e9e29b8b07cc461b9ce7768db7693a93979d0dadf22046f6f3555ded2f516", size = 173594, upload-time = "2026-08-12T14:35:03.845Z" },
    { url = "https://files.pythonhosted.org/packages/10/6b/6046773901f1944b9a89436351529811ee958afc7b774563be9d74a6f0c3/charset_normalizer-3.5.0-cp37-abi3-win_amd64.whl", hash = "sha256:0c8953d9d1617794cfc40d81179571c9ba3805dd029623a15c93f1fb70e60a74", size = 198959, upload-time = "2026-08-12T14:35:05.187Z" },
    { url = "https://files.pythonhosted.org/packages/ab/a6/b57708ac92aefc8e8389d51d5178129b81f03196da61ee2c23e687b8178a/charset_normalizer-3.5.0-cp37-abi3-win_arm64.whl", hash = "sha256:562d24ca7797c1af8852994950c2e623a907b201fc4b0ed29e92af173d3828ca", size = 267055, upload-time = "2026-08-12T14:35:06.533Z" },
    { url = "https://files.pythonhosted.org/packages/22/c7/754d09943a616937df61e4ba367c409ded2a987e872972098d51a6fcf73b/charset_normalizer-3.5.0-py3-none-any.whl", hash = "sha256:993dfcbe75a85a3784abb5084f2c41b915767c90546fcc92803cffa28611baea", size = 67943, upload-time = "2026-08-12T14:35:30.363Z" },
]

[[package]]
name = "collector"
version = "0.1.0"
source = { virtual = "." }
dependencies = [
    { name = "core" },
    { name = "requests" },
]

[package.metadata]
requires-dist = [
    { name = "core", editable = "../libs/core" },
    { name = "requests", specifier = ">=2.34.2" },
]

[[package]]
name = "core"
version = "0.1.0"
source = { editable = "../libs/core" }

[[package]]
name = "idna"
version = "3.18"
source = { registry = "https://pypi.org/simple" }
sdist = { url = "https://files.pythonhosted.org/packages/cd/63/9496c57188a2ee585e0f1db071d75089a11e98aa86eb99d9d7618fc1edce/idna-3.18.tar.gz", hash = "sha256:ffb385a7e039654cef1ab9ef32c6fafe283c0c0467bba1d9029738ce4a14a848", size = 196711, upload-time = "2026-06-02T14:34:07.794Z" }
wheels = [
    { url = "https://files.pythonhosted.org/packages/1e/5e/d4e9f1a599fb8e573b7b87160658329fbf28d19eac2718f51fc3def3aa5a/idna-3.18-py3-none-any.whl", hash = "sha256:7f952cbe720b688055e3f87de14f5c3e5fdaa8bc3928985c4077ca689de849a2", size = 65455, upload-time = "2026-06-02T14:34:06.319Z" },
]

[[package]]
name = "requests"
version = "2.34.2"
source = { registry = "https://pypi.org/simple" }
dependencies = [
    { name = "certifi" },
    { name = "charset-normalizer" },
    { name = "idna" },
    { name = "urllib3" },
]
sdist = { url = "https://files.pythonhosted.org/packages/ac/c3/e2a2b89f2d3e2179abd6d00ebd70bff6273f37fb3e0cc209f48b39d00cbf/requests-2.34.2.tar.gz", hash = "sha256:f288924cae4e29463698d6d60bc6a4da69c89185ad1e0bcc4104f584e960b9ed", size = 142856, upload-time = "2026-05-14T19:25:27.735Z" }
wheels = [
    { url = "https://files.pythonhosted.org/packages/a0/f4/c67b0b3f1b9245e8d266f0f112c500d50e5b4e83cb6f3b71b6528104182a/requests-2.34.2-py3-none-any.whl", hash = "sha256:2a0d60c172f83ac6ab31e4554906c0f3b3588d37b5cb939b1c061f4907e278e0", size = 73075, upload-time = "2026-05-14T19:25:26.443Z" },
]

[[package]]
name = "urllib3"
version = "2.7.0"
source = { registry = "https://pypi.org/simple" }
sdist = { url = "https://files.pythonhosted.org/packages/53/0c/06f8b233b8fd13b9e5ee11424ef85419ba0d8ba0b3138bf360be2ff56953/urllib3-2.7.0.tar.gz", hash = "sha256:231e0ec3b63ceb14667c67be60f2f2c40a518cb38b03af60abc813da26505f4c", size = 433602, upload-time = "2026-05-07T16:13:18.596Z" }
wheels = [
    { url = "https://files.pythonhosted.org/packages/7f/3e/5db95bcf282c52709639744ca2a8b149baccf648e39c8cc87553df9eae0c/urllib3-2.7.0-py3-none-any.whl", hash = "sha256:9fb4c81ebbb1ce9531cce37674bbc6f1360472bc18ca9a553ede278ef7276897", size = 131087, upload-time = "2026-05-07T16:13:17.151Z" },
]
